
Microsoft Visual Studio Solution File, Format Version 12.00
# Visual Studio Version 16
VisualStudioVersion = 16.0.31624.102
MinimumVisualStudioVersion = 10.0.40219.1
Project("{FAE04EC0-301F-11D3-BF4B-00C04F79EFBC}") = "Session2", "Session2\Session2.csproj", "{A3A63490-A793-4B8E-96DD-DB5474E74EA5}"
EndProject
Global
	GlobalSection(SolutionConfigurationPlatforms) = preSolution
		Debug|Any CPU = Debug|Any CPU
		Release|Any CPU = Release|Any CPU
	EndGlobalSection
	GlobalSection(ProjectConfigurationPlatforms) = postSolution
		{A3A63490-A793-4B8E-96DD-DB5474E74EA5}.Debug|Any CPU.ActiveCfg = Debug|Any CPU
		{A3A63490-A793-4B8E-96DD-DB5474E74EA5}.Debug|Any CPU.Build.0 = Debug|Any CPU
		{A3A63490-A793-4B8E-96DD-DB5474E74EA5}.Release|Any CPU.ActiveCfg = Release|Any CPU
		{A3A63490-A793-4B8E-96DD-DB5474E74EA5}.Release|Any CPU.Build.0 = Release|Any CPU
	EndGlobalSection
	GlobalSection(SolutionProperties) = preSolution
		HideSolutionNode = FALSE
	EndGlobalSection
	GlobalSection(ExtensibilityGlobals) = postSolution
		SolutionGuid = {120CCBBD-CEFB-4293-8858-05B9ECD8A548}
	EndGlobalSection
EndGlobal
